
Microsoft Visual Studio Solution File, Format Version 12.00
# Visual Studio 15
VisualStudioVersion = 15.0.37131.7
MinimumVisualStudioVersion = 10.0.40219.1
Project("{8BC9CEB8-8B4A-11D0-8D11-00A0C91BC942}") = "Linker", "Linker.vcxproj", "{E4CC9563-3A20-49ED-83DA-0371BF52B4F8}"
EndProject
Global
	GlobalSection(SolutionConfigurationPlatforms) = preSolution
		Debug|Win32 = Debug|Win32
	EndGlobalSection
	GlobalSection(ProjectConfigurationPlatforms) = postSolution
		{E4CC9563-3A20-49ED-83DA-0371BF52B4F8}.Debug|Win32.ActiveCfg = Debug|Win32
		{E4CC9563-3A20-49ED-83DA-0371BF52B4F8}.Debug|Win32.Build.0 = Debug|Win32
	EndGlobalSection
	GlobalSection(SolutionProperties) = preSolution
		HideSolutionNode = FALSE
	EndGlobalSection
	GlobalSection(ExtensibilityGlobals) = postSolution
		SolutionGuid = {2C1B13A2-27C5-403A-893B-4F39D8BBEA53}
	EndGlobalSection
EndGlobal
